{
  "name": "vue-js-spatial-navigation",
  "version": "2.0.13",
  "lockfileVersion": 2,
  "requires": true,
  "packages": {
    "": {
      "name": "vue-js-spatial-navigation",
      "version": "2.0.13",
      "license": "MIT",
      "dependencies": {
        "focus-options-polyfill": "^1.6.0",
        "scroll-behavior-polyfill": "git+https://github.com/justinbeatz/scroll-behavior-polyfill.git"
      }
    },
    "node_modules/bigint-as-any-ts": {
      "version": "1.0.2",
      "resolved": "https://registry.npmjs.org/bigint-as-any-ts/-/bigint-as-any-ts-1.0.2.tgz",
      "integrity": "sha512-nH70iYGVvZGjCFm5i3dksdIN6OgmTtGa2s3WbidraWDSZ7WH/PAJP3T9KP+RCGEsGJAwI3DtN8pgPIh+HxkSOg=="
    },
    "node_modules/focus-options-polyfill": {
      "version": "1.6.0",
      "resolved": "https://registry.npmjs.org/focus-options-polyfill/-/focus-options-polyfill-1.6.0.tgz",
      "integrity": "sha512-uyrAmLZrPnUItQY5wTdg31TO9GGZRGsh/jmohUg9oLmLi/sw5y7LlTV/mwyd6rvbxIOGwmRiv6LcTS8w7Bk9NQ==",
      "license": "MIT"
    },
    "node_modules/scroll-behavior-polyfill": {
      "version": "2.0.13",
      "resolved": "git+ssh://git@github.com/justinbeatz/scroll-behavior-polyfill.git#23c76d936750adab410b5bfa7fe522717c63cbd0",
      "license": "MIT",
      "dependencies": {
        "bigint-as-any-ts": "^1.0.2"
      },
      "engines": {
        "node": ">=4.0.0"
      }
    }
  },
  "dependencies": {
    "bigint-as-any-ts": {
      "version": "1.0.2",
      "resolved": "https://registry.npmjs.org/bigint-as-any-ts/-/bigint-as-any-ts-1.0.2.tgz",
      "integrity": "sha512-nH70iYGVvZGjCFm5i3dksdIN6OgmTtGa2s3WbidraWDSZ7WH/PAJP3T9KP+RCGEsGJAwI3DtN8pgPIh+HxkSOg=="
    },
    "focus-options-polyfill": {
      "version": "1.6.0",
      "resolved": "https://registry.npmjs.org/focus-options-polyfill/-/focus-options-polyfill-1.6.0.tgz",
      "integrity": "sha512-uyrAmLZrPnUItQY5wTdg31TO9GGZRGsh/jmohUg9oLmLi/sw5y7LlTV/mwyd6rvbxIOGwmRiv6LcTS8w7Bk9NQ=="
    },
    "scroll-behavior-polyfill": {
      "version": "git+ssh://git@github.com/justinbeatz/scroll-behavior-polyfill.git#23c76d936750adab410b5bfa7fe522717c63cbd0",
      "from": "scroll-behavior-polyfill@git+https://github.com/justinbeatz/scroll-behavior-polyfill.git",
      "requires": {
        "bigint-as-any-ts": "^1.0.2"
      }
    }
  }
}
