# THIS IS AN AUTOGENERATED FILE. DO NOT EDIT THIS FILE DIRECTLY.
# yarn lockfile v1


focus-options-polyfill@^1.6.0:
  version "1.6.0"
  resolved "https://registry.yarnpkg.com/focus-options-polyfill/-/focus-options-polyfill-1.6.0.tgz#12ef3081dae9801d32dfcffd7b69259ca8f57198"
  integrity sha512-uyrAmLZrPnUItQY5wTdg31TO9GGZRGsh/jmohUg9oLmLi/sw5y7LlTV/mwyd6rvbxIOGwmRiv6LcTS8w7Bk9NQ==

"scroll-behavior-polyfill@git+https://github.com/skyswitzerland/scroll-behavior-polyfill.git":
  version "2.0.13"
  resolved "git+https://github.com/skyswitzerland/scroll-behavior-polyfill.git#70914e56ed507bf3d8de6ed2505b46e2c2e4431d"
